
Microsoft Visual Studio Solution File, Format Version 12.00
# Visual Studio Version 16
VisualStudioVersion = 16.0.30128.74
MinimumVisualStudioVersion = 10.0.40219.1
Project("{FAE04EC0-301F-11D3-BF4B-00C04F79EFBC}") = "KSPSecondaryMotion", "KSPSecondaryMotion\KSPSecondaryMotion.csproj", "{6D18BFFD-601E-4F62-B586-1B217A195AC8}"
EndProject
Project("{2150E333-8FDC-42A3-9474-1A3956D46DE8}") = "Solution Items", "Solution Items", "{9CBC3861-8CC9-47A5-A551-265423AD536B}"
	ProjectSection(SolutionItems) = preProject
		.gitignore = .gitignore
		LICENSE = LICENSE
		README.md = README.md
	EndProjectSection
EndProject
Global
	GlobalSection(SolutionConfigurationPlatforms) = preSolution
		Debug|Any CPU = Debug|Any CPU
		Release|Any CPU = Release|Any CPU
	EndGlobalSection
	GlobalSection(ProjectConfigurationPlatforms) = postSolution
		{6D18BFFD-601E-4F62-B586-1B217A195AC8}.Debug|Any CPU.ActiveCfg = Debug|Any CPU
		{6D18BFFD-601E-4F62-B586-1B217A195AC8}.Debug|Any CPU.Build.0 = Debug|Any CPU
		{6D18BFFD-601E-4F62-B586-1B217A195AC8}.Release|Any CPU.ActiveCfg = Release|Any CPU
		{6D18BFFD-601E-4F62-B586-1B217A195AC8}.Release|Any CPU.Build.0 = Release|Any CPU
	EndGlobalSection
	GlobalSection(SolutionProperties) = preSolution
		HideSolutionNode = FALSE
	EndGlobalSection
	GlobalSection(ExtensibilityGlobals) = postSolution
		SolutionGuid = {3F0CCE75-D069-49E6-9286-CCEC010929EA}
	EndGlobalSection
EndGlobal
